// !$*UTF8*$!
{
	archiveVersion = 1;
	classes = {
	};
	objectVersion = 50;
	objects = {

/* Begin PBXBuildFile section */
		153AB1F523F735F200D54242 /* AppDelegate.swift in Sources */ = {isa = PBXBuildFile; fileRef = 153AB1F423F735F200D54242 /* AppDelegate.swift */; };
		153AB1F723F735F200D54242 /* SceneDelegate.swift in Sources */ = {isa = PBXBuildFile; fileRef = 153AB1F623F735F200D54242 /* SceneDelegate.swift */; };
		153AB1F923F735F200D54242 /* ViewController.swift in Sources */ = {isa = PBXBuildFile; fileRef = 153AB1F823F735F200D54242 /* ViewController.swift */; };
		153AB1FC23F735F300D54242 /* Main.storyboard in Resources */ = {isa = PBXBuildFile; fileRef = 153AB1FA23F735F300D54242 /* Main.storyboard */; };
		153AB1FE23F735FA00D54242 /* Assets.xcassets in Resources */ = {isa = PBXBuildFile; fileRef = 153AB1FD23F735FA00D54242 /* Assets.xcassets */; };
		153AB20123F735FA00D54242 /* LaunchScreen.storyboard in Resources */ = {isa = PBXBuildFile; fileRef = 153AB1FF23F735FA00D54242 /* LaunchScreen.storyboard */; };
		153AB20C23F735FB00D54242 /* JSON2Tests.swift in Sources */ = {isa = PBXBuildFile; fileRef = 153AB20B23F735FB00D54242 /* JSON2Tests.swift */; };
		153AB21723F735FB00D54242 /* JSON2UITests.swift in Sources */ = {isa = PBXBuildFile; fileRef = 153AB21623F735FB00D54242 /* JSON2UITests.swift */; };
/* End PBXBuildFile section */

/* Begin PBXContainerItemProxy section */
		153AB20823F735FB00D54242 /* PBXContainerItemProxy */ = {
			isa = PBXContainerItemProxy;
			containerPortal = 153AB1E923F735F200D54242 /* Project object */;
			proxyType = 1;
			remoteGlobalIDString = 153AB1F023F735F200D54242;
			remoteInfo = JSON2;
		};
		153AB21323F735FB00D54242 /* PBXContainerItemProxy */ = {
			isa = PBXContainerItemProxy;
			containerPortal = 153AB1E923F735F200D54242 /* Project object */;
			proxyType = 1;
			remoteGlobalIDString = 153AB1F023F735F200D54242;
			remoteInfo = JSON2;
		};
/* End PBXContainerItemProxy section */

/* Begin PBXFileReference section */
		153AB1F123F735F200D54242 /* JSON2.app */ = {isa = PBXFileReference; explicitFileType = wrapper.application; includeInIndex = 0; path = JSON2.app; sourceTree = BUILT_PRODUCTS_DIR; };
		153AB1F423F735F200D54242 /* AppDelegate.swift */ = {isa = PBXFileReference; lastKnownFileType = sourcecode.swift; path = AppDelegate.swift; sourceTree = "<group>"; };
		153AB1F623F735F200D54242 /* SceneDelegate.swift */ = {isa = PBXFileReference; lastKnownFileType = sourcecode.swift; path = SceneDelegate.swift; sourceTree = "<group>"; };
		153AB1F823F735F200D54242 /* ViewController.swift */ = {isa = PBXFileReference; lastKnownFileType = sourcecode.swift; path = ViewController.swift; sourceTree = "<group>"; };
		153AB1FB23F735F300D54242 /* Base */ = {isa = PBXFileReference; lastKnownFileType = file.storyboard; name = Base; path = Base.lproj/Main.storyboard; sourceTree = "<group>"; };
		153AB1FD23F735FA00D54242 /* Assets.xcassets */ = {isa = PBXFileReference; lastKnownFileType = folder.assetcatalog; path = Assets.xcassets; sourceTree = "<group>"; };
		153AB20023F735FA00D54242 /* Base */ = {isa = PBXFileReference; lastKnownFileType = file.storyboard; name = Base; path = Base.lproj/LaunchScreen.storyboard; sourceTree = "<group>"; };
		153AB20223F735FA00D54242 /* Info.plist */ = {isa = PBXFileReference; lastKnownFileType = text.plist.xml; path = Info.plist; sourceTree = "<group>"; };
		153AB20723F735FB00D54242 /* JSON2Tests.xctest */ = {isa = PBXFileReference; explicitFileType = wrapper.cfbundle; includeInIndex = 0; path = JSON2Tests.xctest; sourceTree = BUILT_PRODUCTS_DIR; };
		153AB20B23F735FB00D54242 /* JSON2Tests.swift */ = {isa = PBXFileReference; lastKnownFileType = sourcecode.swift; path = JSON2Tests.swift; sourceTree = "<group>"; };
		153AB20D23F735FB00D54242 /* Info.plist */ = {isa = PBXFileReference; lastKnownFileType = text.plist.xml; path = Info.plist; sourceTree = "<group>"; };
		153AB21223F735FB00D54242 /* JSON2UITests.xctest */ = {isa = PBXFileReference; explicitFileType = wrapper.cfbundle; includeInIndex = 0; path = JSON2UITests.xctest; sourceTree = BUILT_PRODUCTS_DIR; };
		153AB21623F735FB00D54242 /* JSON2UITests.swift */ = {isa = PBXFileReference; lastKnownFileType = sourcecode.swift; path = JSON2UITests.swift; sourceTree = "<group>"; };
		153AB21823F735FB00D54242 /* Info.plist */ = {isa = PBXFileReference; lastKnownFileType = text.plist.xml; path = Info.plist; sourceTree = "<group>"; };
/* End PBXFileReference section */

/* Begin PBXFrameworksBuildPhase section */
		153AB1EE23F735F200D54242 /* Frameworks */ = {
			isa = PBXFrameworksBuildPhase;
			buildActionMask = 2147483647;
			files = (
			);
			runOnlyForDeploymentPostprocessing = 0;
		};
		153AB20423F735FB00D54242 /* Frameworks */ = {
			isa = PBXFrameworksBuildPhase;
			buildActionMask = 2147483647;
			files = (
			);
			runOnlyForDeploymentPostprocessing = 0;
		};
		153AB20F23F735FB00D54242 /* Frameworks */ = {
			isa = PBXFrameworksBuildPhase;
			buildActionMask = 2147483647;
			files = (
			);
			runOnlyForDeploymentPostprocessing = 0;
		};
/* End PBXFrameworksBuildPhase section */

/* Begin PBXGroup section */
		153AB1E823F735F200D54242 = {
			isa = PBXGroup;
			children = (
				153AB1F323F735F200D54242 /* JSON2 */,
				153AB20A23F735FB00D54242 /* JSON2Tests */,
				153AB21523F735FB00D54242 /* JSON2UITests */,
				153AB1F223F735F200D54242 /* Products */,
			);
			sourceTree = "<group>";
		};
		153AB1F223F735F200D54242 /* Products */ = {
			isa = PBXGroup;
			children = (
				153AB1F123F735F200D54242 /* JSON2.app */,
				153AB20723F735FB00D54242 /* JSON2Tests.xctest */,
				153AB21223F735FB00D54242 /* JSON2UITests.xctest */,
			);
			name = Products;
			sourceTree = "<group>";
		};
		153AB1F323F735F200D54242 /* JSON2 */ = {
			isa = PBXGroup;
			children = (
				153AB1F423F735F200D54242 /* AppDelegate.swift */,
				153AB1F623F735F200D54242 /* SceneDelegate.swift */,
				153AB1F823F735F200D54242 /* ViewController.swift */,
				153AB1FA23F735F300D54242 /* Main.storyboard */,
				153AB1FD23F735FA00D54242 /* Assets.xcassets */,
				153AB1FF23F735FA00D54242 /* LaunchScreen.storyboard */,
				153AB20223F735FA00D54242 /* Info.plist */,
			);
			path = JSON2;
			sourceTree = "<group>";
		};
		153AB20A23F735FB00D54242 /* JSON2Tests */ = {
			isa = PBXGroup;
			children = (
				153AB20B23F735FB00D54242 /* JSON2Tests.swift */,
				153AB20D23F735FB00D54242 /* Info.plist */,
			);
			path = JSON2Tests;
			sourceTree = "<group>";
		};
		153AB21523F735FB00D54242 /* JSON2UITests */ = {
			isa = PBXGroup;
			children = (
				153AB21623F735FB00D54242 /* JSON2UITests.swift */,
				153AB21823F735FB00D54242 /* Info.plist */,
			);
			path = JSON2UITests;
			sourceTree = "<group>";
		};
/* End PBXGroup section */

/* Begin PBXNativeTarget section */
		153AB1F023F735F200D54242 /* JSON2 */ = {
			isa = PBXNativeTarget;
			buildConfigurationList = 153AB21B23F735FB00D54242 /* Build configuration list for PBXNativeTarget "JSON2" */;
			buildPhases = (
				153AB1ED23F735F200D54242 /* Sources */,
				153AB1EE23F735F200D54242 /* Frameworks */,
				153AB1EF23F735F200D54242 /* Resources */,
			);
			buildRules = (
			);
			dependencies = (
			);
			name = JSON2;
			productName = JSON2;
			productReference = 153AB1F123F735F200D54242 /* JSON2.app */;
			productType = "com.apple.product-type.application";
		};
		153AB20623F735FB00D54242 /* JSON2Tests */ = {
			isa = PBXNativeTarget;
			buildConfigurationList = 153AB21E23F735FB00D54242 /* Build configuration list for PBXNativeTarget "JSON2Tests" */;
			buildPhases = (
				153AB20323F735FB00D54242 /* Sources */,
				153AB20423F735FB00D54242 /* Frameworks */,
				153AB20523F735FB00D54242 /* Resources */,
			);
			buildRules = (
			);
			dependencies = (
				153AB20923F735FB00D54242 /* PBXTargetDependency */,
			);
			name = JSON2Tests;
			productName = JSON2Tests;
			productReference = 153AB20723F735FB00D54242 /* JSON2Tests.xctest */;
			productType = "com.apple.product-type.bundle.unit-test";
		};
		153AB21123F735FB00D54242 /* JSON2UITests */ = {
			isa = PBXNativeTarget;
			buildConfigurationList = 153AB22123F735FB00D54242 /* Build configuration list for PBXNativeTarget "JSON2UITests" */;
			buildPhases = (
				153AB20E23F735FB00D54242 /* Sources */,
				153AB20F23F735FB00D54242 /* Frameworks */,
				153AB21023F735FB00D54242 /* Resources */,
			);
			buildRules = (
			);
			dependencies = (
				153AB21423F735FB00D54242 /* PBXTargetDependency */,
			);
			name = JSON2UITests;
			productName = JSON2UITests;
			productReference = 153AB21223F735FB00D54242 /* JSON2UITests.xctest */;
			productType = "com.apple.product-type.bundle.ui-testing";
		};
/* End PBXNativeTarget section */

/* Begin PBXProject section */
		153AB1E923F735F200D54242 /* Project object */ = {
			isa = PBXProject;
			attributes = {
				LastSwiftUpdateCheck = 1130;
				LastUpgradeCheck = 1130;
				ORGANIZATIONNAME = "Larissa Diniz ";
				TargetAttributes = {
					153AB1F023F735F200D54242 = {
						CreatedOnToolsVersion = 11.3.1;
					};
					153AB20623F735FB00D54242 = {
						CreatedOnToolsVersion = 11.3.1;
						TestTargetID = 153AB1F023F735F200D54242;
					};
					153AB21123F735FB00D54242 = {
						CreatedOnToolsVersion = 11.3.1;
						TestTargetID = 153AB1F023F735F200D54242;
					};
				};
			};
			buildConfigurationList = 153AB1EC23F735F200D54242 /* Build configuration list for PBXProject "JSON2" */;
			compatibilityVersion = "Xcode 9.3";
			developmentRegion = en;
			hasScannedForEncodings = 0;
			knownRegions = (
				en,
				Base,
			);
			mainGroup = 153AB1E823F735F200D54242;
			productRefGroup = 153AB1F223F735F200D54242 /* Products */;
			projectDirPath = "";
			projectRoot = "";
			targets = (
				153AB1F023F735F200D54242 /* JSON2 */,
				153AB20623F735FB00D54242 /* JSON2Tests */,
				153AB21123F735FB00D54242 /* JSON2UITests */,
			);
		};
/* End PBXProject section */

/* Begin PBXResourcesBuildPhase section */
		153AB1EF23F735F200D54242 /* Resources */ = {
			isa = PBXResourcesBuildPhase;
			buildActionMask = 2147483647;
			files = (
				153AB20123F735FA00D54242 /* LaunchScreen.storyboard in Resources */,
				153AB1FE23F735FA00D54242 /* Assets.xcassets in Resources */,
				153AB1FC23F735F300D54242 /* Main.storyboard in Resources */,
			);
			runOnlyForDeploymentPostprocessing = 0;
		};
		153AB20523F735FB00D54242 /* Resources */ = {
			isa = PBXResourcesBuildPhase;
			buildActionMask = 2147483647;
			files = (
			);
			runOnlyForDeploymentPostprocessing = 0;
		};
		153AB21023F735FB00D54242 /* Resources */ = {
			isa = PBXResourcesBuildPhase;
			buildActionMask = 2147483647;
			files = (
			);
			runOnlyForDeploymentPostprocessing = 0;
		};
/* End PBXResourcesBuildPhase section */

/* Begin PBXSourcesBuildPhase section */
		153AB1ED23F735F200D54242 /* Sources */ = {
			isa = PBXSourcesBuildPhase;
			buildActionMask = 2147483647;
			files = (
				153AB1F923F735F200D54242 /* ViewController.swift in Sources */,
				153AB1F523F735F200D54242 /* AppDelegate.swift in Sources */,
				153AB1F723F735F200D54242 /* SceneDelegate.swift in Sources */,
			);
			runOnlyForDeploymentPostprocessing = 0;
		};
		153AB20323F735FB00D54242 /* Sources */ = {
			isa = PBXSourcesBuildPhase;
			buildActionMask = 2147483647;
			files = (
				153AB20C23F735FB00D54242 /* JSON2Tests.swift in Sources */,
			);
			runOnlyForDeploymentPostprocessing = 0;
		};
		153AB20E23F735FB00D54242 /* Sources */ = {
			isa = PBXSourcesBuildPhase;
			buildActionMask = 2147483647;
			files = (
				153AB21723F735FB00D54242 /* JSON2UITests.swift in Sources */,
			);
			runOnlyForDeploymentPostprocessing = 0;
		};
/* End PBXSourcesBuildPhase section */

/* Begin PBXTargetDependency section */
		153AB20923F735FB00D54242 /* PBXTargetDependency */ = {
			isa = PBXTargetDependency;
			target = 153AB1F023F735F200D54242 /* JSON2 */;
			targetProxy = 153AB20823F735FB00D54242 /* PBXContainerItemProxy */;
		};
		153AB21423F735FB00D54242 /* PBXTargetDependency */ = {
			isa = PBXTargetDependency;
			target = 153AB1F023F735F200D54242 /* JSON2 */;
			targetProxy = 153AB21323F735FB00D54242 /* PBXContainerItemProxy */;
		};
/* End PBXTargetDependency section */

/* Begin PBXVariantGroup section */
		153AB1FA23F735F300D54242 /* Main.storyboard */ = {
			isa = PBXVariantGroup;
			children = (
				153AB1FB23F735F300D54242 /* Base */,
			);
			name = Main.storyboard;
			sourceTree = "<group>";
		};
		153AB1FF23F735FA00D54242 /* LaunchScreen.storyboard */ = {
			isa = PBXVariantGroup;
			children = (
				153AB20023F735FA00D54242 /* Base */,
			);
			name = LaunchScreen.storyboard;
			sourceTree = "<group>";
		};
/* End PBXVariantGroup section */

/* Begin XCBuildConfiguration section */
		153AB21923F735FB00D54242 /* Debug */ = {
			isa = XCBuildConfiguration;
			buildSettings = {
				ALWAYS_SEARCH_USER_PATHS = NO;
				CLANG_ANALYZER_NONNULL = YES;
				CLANG_ANALYZER_NUMBER_OBJECT_CONVERSION = YES_AGGRESSIVE;
				CLANG_CXX_LANGUAGE_STANDARD = "gnu++14";
				CLANG_CXX_LIBRARY = "libc++";
				CLANG_ENABLE_MODULES = YES;
				CLANG_ENABLE_OBJC_ARC = YES;
				CLANG_ENABLE_OBJC_WEAK = YES;
				CLANG_WARN_BLOCK_CAPTURE_AUTORELEASING = YES;
				CLANG_WARN_BOOL_CONVERSION = YES;
				CLANG_WARN_COMMA = YES;
				CLANG_WARN_CONSTANT_CONVERSION = YES;
				CLANG_WARN_DEPRECATED_OBJC_IMPLEMENTATIONS = YES;
				CLANG_WARN_DIRECT_OBJC_ISA_USAGE = YES_ERROR;
				CLANG_WARN_DOCUMENTATION_COMMENTS = YES;
				CLANG_WARN_EMPTY_BODY = YES;
				CLANG_WARN_ENUM_CONVERSION = YES;
				CLANG_WARN_INFINITE_RECURSION = YES;
				CLANG_WARN_INT_CONVERSION = YES;
				CLANG_WARN_NON_LITERAL_NULL_CONVERSION = YES;
				CLANG_WARN_OBJC_IMPLICIT_RETAIN_SELF = YES;
				CLANG_WARN_OBJC_LITERAL_CONVERSION = YES;
				CLANG_WARN_OBJC_ROOT_CLASS = YES_ERROR;
				CLANG_WARN_RANGE_LOOP_ANALYSIS = YES;
				CLANG_WARN_STRICT_PROTOTYPES = YES;
				CLANG_WARN_SUSPICIOUS_MOVE = YES;
				CLANG_WARN_UNGUARDED_AVAILABILITY = YES_AGGRESSIVE;
				CLANG_WARN_UNREACHABLE_CODE = YES;
				CLANG_WARN__DUPLICATE_METHOD_MATCH = YES;
				COPY_PHASE_STRIP = NO;
				DEBUG_INFORMATION_FORMAT = dwarf;
				ENABLE_STRICT_OBJC_MSGSEND = YES;
				ENABLE_TESTABILITY = YES;
				GCC_C_LANGUAGE_STANDARD = gnu11;
				GCC_DYNAMIC_NO_PIC = NO;
				GCC_NO_COMMON_BLOCKS = YES;
				GCC_OPTIMIZATION_LEVEL = 0;
				GCC_PREPROCESSOR_DEFINITIONS = (
					"DEBUG=1",
					"$(inherited)",
				);
				GCC_WARN_64_TO_32_BIT_CONVERSION = YES;
				GCC_WARN_ABOUT_RETURN_TYPE = YES_ERROR;
				GCC_WARN_UNDECLARED_SELECTOR = YES;
				GCC_WARN_UNINITIALIZED_AUTOS = YES_AGGRESSIVE;
				GCC_WARN_UNUSED_FUNCTION = YES;
				GCC_WARN_UNUSED_VARIABLE = YES;
				IPHONEOS_DEPLOYMENT_TARGET = 13.2;
				MTL_ENABLE_DEBUG_INFO = INCLUDE_SOURCE;
				MTL_FAST_MATH = YES;
				ONLY_ACTIVE_ARCH = YES;
				SDKROOT = iphoneos;
				SWIFT_ACTIVE_COMPILATION_CONDITIONS = DEBUG;
				SWIFT_OPTIMIZATION_LEVEL = "-Onone";
			};
			name = Debug;
		};
		153AB21A23F735FB00D54242 /* Release */ = {
			isa = XCBuildConfiguration;
			buildSettings = {
				ALWAYS_SEARCH_USER_PATHS = NO;
				CLANG_ANALYZER_NONNULL = YES;
				CLANG_ANALYZER_NUMBER_OBJECT_CONVERSION = YES_AGGRESSIVE;
				CLANG_CXX_LANGUAGE_STANDARD = "gnu++14";
				CLANG_CXX_LIBRARY = "libc++";
				CLANG_ENABLE_MODULES = YES;
				CLANG_ENABLE_OBJC_ARC = YES;
				CLANG_ENABLE_OBJC_WEAK = YES;
				CLANG_WARN_BLOCK_CAPTURE_AUTORELEASING = YES;
				CLANG_WARN_BOOL_CONVERSION = YES;
				CLANG_WARN_COMMA = YES;
				CLANG_WARN_CONSTANT_CONVERSION = YES;
				CLANG_WARN_DEPRECATED_OBJC_IMPLEMENTATIONS = YES;
				CLANG_WARN_DIRECT_OBJC_ISA_USAGE = YES_ERROR;
				CLANG_WARN_DOCUMENTATION_COMMENTS = YES;
				CLANG_WARN_EMPTY_BODY = YES;
				CLANG_WARN_ENUM_CONVERSION = YES;
				CLANG_WARN_INFINITE_RECURSION = YES;
				CLANG_WARN_INT_CONVERSION = YES;
				CLANG_WARN_NON_LITERAL_NULL_CONVERSION = YES;
				CLANG_WARN_OBJC_IMPLICIT_RETAIN_SELF = YES;
				CLANG_WARN_OBJC_LITERAL_CONVERSION = YES;
				CLANG_WARN_OBJC_ROOT_CLASS = YES_ERROR;
				CLANG_WARN_RANGE_LOOP_ANALYSIS = YES;
				CLANG_WARN_STRICT_PROTOTYPES = YES;
				CLANG_WARN_SUSPICIOUS_MOVE = YES;
				CLANG_WARN_UNGUARDED_AVAILABILITY = YES_AGGRESSIVE;
				CLANG_WARN_UNREACHABLE_CODE = YES;
				CLANG_WARN__DUPLICATE_METHOD_MATCH = YES;
				COPY_PHASE_STRIP = NO;
				DEBUG_INFORMATION_FORMAT = "dwarf-with-dsym";
				ENABLE_NS_ASSERTIONS = NO;
				ENABLE_STRICT_OBJC_MSGSEND = YES;
				GCC_C_LANGUAGE_STANDARD = gnu11;
				GCC_NO_COMMON_BLOCKS = YES;
				GCC_WARN_64_TO_32_BIT_CONVERSION = YES;
				GCC_WARN_ABOUT_RETURN_TYPE = YES_ERROR;
				GCC_WARN_UNDECLARED_SELECTOR = YES;
				GCC_WARN_UNINITIALIZED_AUTOS = YES_AGGRESSIVE;
				GCC_WARN_UNUSED_FUNCTION = YES;
				GCC_WARN_UNUSED_VARIABLE = YES;
				IPHONEOS_DEPLOYMENT_TARGET = 13.2;
				MTL_ENABLE_DEBUG_INFO = NO;
				MTL_FAST_MATH = YES;
				SDKROOT = iphoneos;
				SWIFT_COMPILATION_MODE = wholemodule;
				SWIFT_OPTIMIZATION_LEVEL = "-O";
				VALIDATE_PRODUCT = YES;
			};
			name = Release;
		};
		153AB21C23F735FB00D54242 /* Debug */ = {
			isa = XCBuildConfiguration;
			buildSettings = {
				ASSETCATALOG_COMPILER_APPICON_NAME = AppIcon;
				CODE_SIGN_STYLE = Automatic;
				DEVELOPMENT_TEAM = J9FU5BS8Y2;
				INFOPLIST_FILE = JSON2/Info.plist;
				LD_RUNPATH_SEARCH_PATHS = (
					"$(inherited)",
					"@executable_path/Frameworks",
				);
				PRODUCT_BUNDLE_IDENTIFIER = involves.JSON2;
				PRODUCT_NAME = "$(TARGET_NAME)";
				SWIFT_VERSION = 5.0;
				TARGETED_DEVICE_FAMILY = "1,2";
			};
			name = Debug;
		};
		153AB21D23F735FB00D54242 /* Release */ = {
			isa = XCBuildConfiguration;
			buildSettings = {
				ASSETCATALOG_COMPILER_APPICON_NAME = AppIcon;
				CODE_SIGN_STYLE = Automatic;
				DEVELOPMENT_TEAM = J9FU5BS8Y2;
				INFOPLIST_FILE = JSON2/Info.plist;
				LD_RUNPATH_SEARCH_PATHS = (
					"$(inherited)",
					"@executable_path/Frameworks",
				);
				PRODUCT_BUNDLE_IDENTIFIER = involves.JSON2;
				PRODUCT_NAME = "$(TARGET_NAME)";
				SWIFT_VERSION = 5.0;
				TARGETED_DEVICE_FAMILY = "1,2";
			};
			name = Release;
		};
		153AB21F23F735FB00D54242 /* Debug */ = {
			isa = XCBuildConfiguration;
			buildSettings = {
				ALWAYS_EMBED_SWIFT_STANDARD_LIBRARIES = YES;
				BUNDLE_LOADER = "$(TEST_HOST)";
				CODE_SIGN_STYLE = Automatic;
				DEVELOPMENT_TEAM = J9FU5BS8Y2;
				INFOPLIST_FILE = JSON2Tests/Info.plist;
				IPHONEOS_DEPLOYMENT_TARGET = 13.2;
				LD_RUNPATH_SEARCH_PATHS = (
					"$(inherited)",
					"@executable_path/Frameworks",
					"@loader_path/Frameworks",
				);
				PRODUCT_BUNDLE_IDENTIFIER = involves.JSON2Tests;
				PRODUCT_NAME = "$(TARGET_NAME)";
				SWIFT_VERSION = 5.0;
				TARGETED_DEVICE_FAMILY = "1,2";
				TEST_HOST = "$(BUILT_PRODUCTS_DIR)/JSON2.app/JSON2";
			};
			name = Debug;
		};
		153AB22023F735FB00D54242 /* Release */ = {
			isa = XCBuildConfiguration;
			buildSettings = {
				ALWAYS_EMBED_SWIFT_STANDARD_LIBRARIES = YES;
				BUNDLE_LOADER = "$(TEST_HOST)";
				CODE_SIGN_STYLE = Automatic;
				DEVELOPMENT_TEAM = J9FU5BS8Y2;
				INFOPLIST_FILE = JSON2Tests/Info.plist;
				IPHONEOS_DEPLOYMENT_TARGET = 13.2;
				LD_RUNPATH_SEARCH_PATHS = (
					"$(inherited)",
					"@executable_path/Frameworks",
					"@loader_path/Frameworks",
				);
				PRODUCT_BUNDLE_IDENTIFIER = involves.JSON2Tests;
				PRODUCT_NAME = "$(TARGET_NAME)";
				SWIFT_VERSION = 5.0;
				TARGETED_DEVICE_FAMILY = "1,2";
				TEST_HOST = "$(BUILT_PRODUCTS_DIR)/JSON2.app/JSON2";
			};
			name = Release;
		};
		153AB22223F735FB00D54242 /* Debug */ = {
			isa = XCBuildConfiguration;
			buildSettings = {
				ALWAYS_EMBED_SWIFT_STANDARD_LIBRARIES = YES;
				CODE_SIGN_STYLE = Automatic;
				DEVELOPMENT_TEAM = J9FU5BS8Y2;
				INFOPLIST_FILE = JSON2UITests/Info.plist;
				LD_RUNPATH_SEARCH_PATHS = (
					"$(inherited)",
					"@executable_path/Frameworks",
					"@loader_path/Frameworks",
				);
				PRODUCT_BUNDLE_IDENTIFIER = involves.JSON2UITests;
				PRODUCT_NAME = "$(TARGET_NAME)";
				SWIFT_VERSION = 5.0;
				TARGETED_DEVICE_FAMILY = "1,2";
				TEST_TARGET_NAME = JSON2;
			};
			name = Debug;
		};
		153AB22323F735FB00D54242 /* Release */ = {
			isa = XCBuildConfiguration;
			buildSettings = {
				ALWAYS_EMBED_SWIFT_STANDARD_LIBRARIES = YES;
				CODE_SIGN_STYLE = Automatic;
				DEVELOPMENT_TEAM = J9FU5BS8Y2;
				INFOPLIST_FILE = JSON2UITests/Info.plist;
				LD_RUNPATH_SEARCH_PATHS = (
					"$(inherited)",
					"@executable_path/Frameworks",
					"@loader_path/Frameworks",
				);
				PRODUCT_BUNDLE_IDENTIFIER = involves.JSON2UITests;
				PRODUCT_NAME = "$(TARGET_NAME)";
				SWIFT_VERSION = 5.0;
				TARGETED_DEVICE_FAMILY = "1,2";
				TEST_TARGET_NAME = JSON2;
			};
			name = Release;
		};
/* End XCBuildConfiguration section */

/* Begin XCConfigurationList section */
		153AB1EC23F735F200D54242 /* Build configuration list for PBXProject "JSON2" */ = {
			isa = XCConfigurationList;
			buildConfigurations = (
				153AB21923F735FB00D54242 /* Debug */,
				153AB21A23F735FB00D54242 /* Release */,
			);
			defaultConfigurationIsVisible = 0;
			defaultConfigurationName = Release;
		};
		153AB21B23F735FB00D54242 /* Build configuration list for PBXNativeTarget "JSON2" */ = {
			isa = XCConfigurationList;
			buildConfigurations = (
				153AB21C23F735FB00D54242 /* Debug */,
				153AB21D23F735FB00D54242 /* Release */,
			);
			defaultConfigurationIsVisible = 0;
			defaultConfigurationName = Release;
		};
		153AB21E23F735FB00D54242 /* Build configuration list for PBXNativeTarget "JSON2Tests" */ = {
			isa = XCConfigurationList;
			buildConfigurations = (
				153AB21F23F735FB00D54242 /* Debug */,
				153AB22023F735FB00D54242 /* Release */,
			);
			defaultConfigurationIsVisible = 0;
			defaultConfigurationName = Release;
		};
		153AB22123F735FB00D54242 /* Build configuration list for PBXNativeTarget "JSON2UITests" */ = {
			isa = XCConfigurationList;
			buildConfigurations = (
				153AB22223F735FB00D54242 /* Debug */,
				153AB22323F735FB00D54242 /* Release */,
			);
			defaultConfigurationIsVisible = 0;
			defaultConfigurationName = Release;
		};
/* End XCConfigurationList section */
	};
	rootObject = 153AB1E923F735F200D54242 /* Project object */;
}
